
Microsoft Visual Studio Solution File, Format Version 12.00
# Visual Studio 15
VisualStudioVersion = 15.0.26730.15
MinimumVisualStudioVersion = 10.0.40219.1
Project("{8BC9CEB8-8B4A-11D0-8D11-00A0C91BC942}") = "LBF", "LBF\LBF.vcxproj", "{556AF9F5-D5E6-4652-9011-A782AA6B1BDE}"
EndProject
Project("{8BC9CEB8-8B4A-11D0-8D11-00A0C91BC942}") = "QTLBF", "QTLBF\QTLBF.vcxproj", "{B12702AD-ABFB-343A-A199-8E24837244A3}"
EndProject
Global
	GlobalSection(SolutionConfigurationPlatforms) = preSolution
		Debug|x64 = Debug|x64
		Rebug|x64 = Rebug|x64
		Release|x64 = Release|x64
	EndGlobalSection
	GlobalSection(ProjectConfigurationPlatforms) = postSolution
		{556AF9F5-D5E6-4652-9011-A782AA6B1BDE}.Debug|x64.ActiveCfg = Rebug|x64
		{556AF9F5-D5E6-4652-9011-A782AA6B1BDE}.Debug|x64.Build.0 = Rebug|x64
		{556AF9F5-D5E6-4652-9011-A782AA6B1BDE}.Rebug|x64.ActiveCfg = Rebug|x64
		{556AF9F5-D5E6-4652-9011-A782AA6B1BDE}.Rebug|x64.Build.0 = Rebug|x64
		{556AF9F5-D5E6-4652-9011-A782AA6B1BDE}.Release|x64.ActiveCfg = Release|x64
		{556AF9F5-D5E6-4652-9011-A782AA6B1BDE}.Release|x64.Build.0 = Release|x64
		{B12702AD-ABFB-343A-A199-8E24837244A3}.Debug|x64.ActiveCfg = Debug|x64
		{B12702AD-ABFB-343A-A199-8E24837244A3}.Debug|x64.Build.0 = Debug|x64
		{B12702AD-ABFB-343A-A199-8E24837244A3}.Rebug|x64.ActiveCfg = Release|x64
		{B12702AD-ABFB-343A-A199-8E24837244A3}.Rebug|x64.Build.0 = Release|x64
		{B12702AD-ABFB-343A-A199-8E24837244A3}.Release|x64.ActiveCfg = Release|x64
		{B12702AD-ABFB-343A-A199-8E24837244A3}.Release|x64.Build.0 = Release|x64
	EndGlobalSection
	GlobalSection(SolutionProperties) = preSolution
		HideSolutionNode = FALSE
	EndGlobalSection
	GlobalSection(ExtensibilityGlobals) = postSolution
		SolutionGuid = {DA58C9D2-DD78-415A-8E3F-E67262E44B65}
	EndGlobalSection
EndGlobal
